{
  "name": "Client",
  "version": "3.5.1",
  "lockfileVersion": 2,
  "requires": true,
  "packages": {
    "": {
      "name": "Client",
      "version": "3.5.1",
      "dependencies": {
        "ezyfox-es6-client": "^1.2.1"
      }
    },
    "node_modules/ezyfox-es6-client": {
      "version": "1.2.1",
      "resolved": "https://registry.npmjs.org/ezyfox-es6-client/-/ezyfox-es6-client-1.2.1.tgz",
      "integrity": "sha512-WxLUsSNPQADBiWcSaSC3h2dxaCAmfctpmZ8k24TxnIRG9p6dXNzVoJ4jraCjzPUVVoFsLkvGjv/VJDdsVNSlrA=="
    }
  },
  "dependencies": {
    "ezyfox-es6-client": {
      "version": "1.2.1",
      "resolved": "https://registry.npmjs.org/ezyfox-es6-client/-/ezyfox-es6-client-1.2.1.tgz",
      "integrity": "sha512-WxLUsSNPQADBiWcSaSC3h2dxaCAmfctpmZ8k24TxnIRG9p6dXNzVoJ4jraCjzPUVVoFsLkvGjv/VJDdsVNSlrA=="
    }
  }
}
