{
  "name": "Client",
  "version": "3.5.1",
  "lockfileVersion": 2,
  "requires": true,
  "packages": {
    "": {
      "name": "Client",
      "version": "3.5.1",
      "dependencies": {
        "ezyfox-es6-client": "^1.2.1",
        "mvc-es6": "^1.1.1"
      }
    },
    "node_modules/ezyfox-es6-client": {
      "version": "1.2.1",
      "resolved": "https://registry.npmjs.org/ezyfox-es6-client/-/ezyfox-es6-client-1.2.1.tgz",
      "integrity": "sha512-WxLUsSNPQADBiWcSaSC3h2dxaCAmfctpmZ8k24TxnIRG9p6dXNzVoJ4jraCjzPUVVoFsLkvGjv/VJDdsVNSlrA=="
    },
    "node_modules/mvc-es6": {
      "version": "1.1.1",
      "resolved": "https://registry.npmjs.org/mvc-es6/-/mvc-es6-1.1.1.tgz",
      "integrity": "sha512-3mLDgEo5XpOTbzKVze4bgM2NY+SVPEuHPaffsvvC+lSwHJjxMVu55iDjPN8oHW/kiWwSxPIoOgz5fCwllhI9aA=="
    }
  },
  "dependencies": {
    "ezyfox-es6-client": {
      "version": "1.2.1",
      "resolved": "https://registry.npmjs.org/ezyfox-es6-client/-/ezyfox-es6-client-1.2.1.tgz",
      "integrity": "sha512-WxLUsSNPQADBiWcSaSC3h2dxaCAmfctpmZ8k24TxnIRG9p6dXNzVoJ4jraCjzPUVVoFsLkvGjv/VJDdsVNSlrA=="
    },
    "mvc-es6": {
      "version": "1.1.1",
      "resolved": "https://registry.npmjs.org/mvc-es6/-/mvc-es6-1.1.1.tgz",
      "integrity": "sha512-3mLDgEo5XpOTbzKVze4bgM2NY+SVPEuHPaffsvvC+lSwHJjxMVu55iDjPN8oHW/kiWwSxPIoOgz5fCwllhI9aA=="
    }
  }
}
