# THIS IS AN AUTOGENERATED FILE. DO NOT EDIT THIS FILE DIRECTLY.
# yarn lockfile v1


"@heroiclabs/nakama-js@^2.3.0":
  version "2.3.0"
  resolved "https://registry.yarnpkg.com/@heroiclabs/nakama-js/-/nakama-js-2.3.0.tgz#a5e8da5dc64f54159ad8a9a15fc5331b56fe538d"
  integrity sha512-SXRumw8ttVjXXowGR6WfxU66a0j44GwKfIk5O3YygAHGjScPkJjyh/Kl7fc61+zD8VsKObuQMni2gh6Y5h/u7A==
  dependencies:
    js-base64 "^3.6.0"
    whatwg-fetch "^2.0.3"

js-base64@^3.6.0:
  version "3.7.2"
  resolved "https://registry.yarnpkg.com/js-base64/-/js-base64-3.7.2.tgz#816d11d81a8aff241603d19ce5761e13e41d7745"
  integrity sha512-NnRs6dsyqUXejqk/yv2aiXlAvOs56sLkX6nUdeaNezI5LFFLlsZjOThmwnrcwh5ZZRwZlCMnVAY3CvhIhoVEKQ==

react-native-device-info@^8.4.9:
  version "8.4.9"
  resolved "https://registry.yarnpkg.com/react-native-device-info/-/react-native-device-info-8.4.9.tgz#3089ea0bf9c9a28327d3ba683469a32b093172dd"
  integrity sha512-EEdeoaBhaLTOZmCy5xtfepVAfvodteiDHoIxBPUgnNe5p0JLv90BLKtVytbJhlllWScUO48+2u9S7M6WNYsXDQ==

whatwg-fetch@^2.0.3:
  version "2.0.4"
  resolved "https://registry.yarnpkg.com/whatwg-fetch/-/whatwg-fetch-2.0.4.tgz#dde6a5df315f9d39991aa17621853d720b85566f"
  integrity sha512-dcQ1GWpOD/eEQ97k66aiEVpNnapVj90/+R+SXTPYGHpYBBypfKJEQjLrvMZ7YXbKm21gXd4NcuxUTjiv1YtLng==
